
Microsoft Visual Studio Solution File, Format Version 12.00
# Visual Studio Version 17
VisualStudioVersion = 17.13.35931.197 d17.13
MinimumVisualStudioVersion = 10.0.40219.1
Project("{FAE04EC0-301F-11D3-BF4B-00C04F79EFBC}") = "IntroductionAndBasics", "IntroductionAndBasics\IntroductionAndBasics.csproj", "{31D12389-E068-4B27-AD1F-C65B357F1172}"
EndProject
Global
	GlobalSection(SolutionConfigurationPlatforms) = preSolution
		Debug|Any CPU = Debug|Any CPU
		Release|Any CPU = Release|Any CPU
	EndGlobalSection
	GlobalSection(ProjectConfigurationPlatforms) = postSolution
		{31D12389-E068-4B27-AD1F-C65B357F1172}.Debug|Any CPU.ActiveCfg = Debug|Any CPU
		{31D12389-E068-4B27-AD1F-C65B357F1172}.Debug|Any CPU.Build.0 = Debug|Any CPU
		{31D12389-E068-4B27-AD1F-C65B357F1172}.Release|Any CPU.ActiveCfg = Release|Any CPU
		{31D12389-E068-4B27-AD1F-C65B357F1172}.Release|Any CPU.Build.0 = Release|Any CPU
	EndGlobalSection
	GlobalSection(SolutionProperties) = preSolution
		HideSolutionNode = FALSE
	EndGlobalSection
	GlobalSection(ExtensibilityGlobals) = postSolution
		SolutionGuid = {D4E621DF-1948-43A4-869B-254FEAAD598E}
	EndGlobalSection
EndGlobal
