
Microsoft Visual Studio Solution File, Format Version 12.00
# Visual Studio Version 17
VisualStudioVersion = 17.11.35303.130
MinimumVisualStudioVersion = 10.0.40219.1
Project("{FAE04EC0-301F-11D3-BF4B-00C04F79EFBC}") = "HR", "HR.csproj", "{F9090B2C-47D6-467A-92EF-1117D0B4BDF0}"
EndProject
Global
	GlobalSection(SolutionConfigurationPlatforms) = preSolution
		Debug|Any CPU = Debug|Any CPU
		Release|Any CPU = Release|Any CPU
	EndGlobalSection
	GlobalSection(ProjectConfigurationPlatforms) = postSolution
		{F9090B2C-47D6-467A-92EF-1117D0B4BDF0}.Debug|Any CPU.ActiveCfg = Debug|Any CPU
		{F9090B2C-47D6-467A-92EF-1117D0B4BDF0}.Debug|Any CPU.Build.0 = Debug|Any CPU
		{F9090B2C-47D6-467A-92EF-1117D0B4BDF0}.Release|Any CPU.ActiveCfg = Release|Any CPU
		{F9090B2C-47D6-467A-92EF-1117D0B4BDF0}.Release|Any CPU.Build.0 = Release|Any CPU
	EndGlobalSection
	GlobalSection(SolutionProperties) = preSolution
		HideSolutionNode = FALSE
	EndGlobalSection
	GlobalSection(ExtensibilityGlobals) = postSolution
		SolutionGuid = {AFA8AE13-5A61-4D96-9232-8F3E7525D48B}
	EndGlobalSection
EndGlobal
